
Microsoft Visual Studio Solution File, Format Version 12.00
# Visual Studio Version 17
VisualStudioVersion = 17.6.33815.320
MinimumVisualStudioVersion = 10.0.40219.1
Project("{FAE04EC0-301F-11D3-BF4B-00C04F79EFBC}") = "ElibraryManagement", "ElibraryManagement\ElibraryManagement.csproj", "{DE8B1DB4-6B06-4181-B1B5-A3F830E8850A}"
EndProject
Global
	GlobalSection(SolutionConfigurationPlatforms) = preSolution
		Debug|Any CPU = Debug|Any CPU
		Release|Any CPU = Release|Any CPU
	EndGlobalSection
	GlobalSection(ProjectConfigurationPlatforms) = postSolution
		{DE8B1DB4-6B06-4181-B1B5-A3F830E8850A}.Debug|Any CPU.ActiveCfg = Debug|Any CPU
		{DE8B1DB4-6B06-4181-B1B5-A3F830E8850A}.Debug|Any CPU.Build.0 = Debug|Any CPU
		{DE8B1DB4-6B06-4181-B1B5-A3F830E8850A}.Release|Any CPU.ActiveCfg = Release|Any CPU
		{DE8B1DB4-6B06-4181-B1B5-A3F830E8850A}.Release|Any CPU.Build.0 = Release|Any CPU
	EndGlobalSection
	GlobalSection(SolutionProperties) = preSolution
		HideSolutionNode = FALSE
	EndGlobalSection
	GlobalSection(ExtensibilityGlobals) = postSolution
		SolutionGuid = {A146F52B-F6CD-4860-A3F4-CD50FBA32DD1}
	EndGlobalSection
EndGlobal
